{
  "version": 4,
  "terraform_version": "1.1.2",
  "serial": 13,
  "lineage": "fb2b5aa3-b688-f907-32b1-299ab40b4162",
  "outputs": {},
  "resources": [
    {
      "mode": "data",
      "type": "azurerm_public_ip",
      "name": "vm1ip",
      "provider": "provider[\"registry.terraform.io/hashicorp/azurerm\"]",
      "instances": [
        {
          "schema_version": 0,
          "attributes": {
            "allocation_method": "Static",
            "domain_name_label": "",
            "fqdn": "",
            "id": "/subscriptions/1aed5c38-bcda-4e4b-b4a1-d5264c92d138/resourceGroups/frasepViya35multiTier_rg/providers/Microsoft.Network/publicIPAddresses/frasepViya35vm1_PublicIP",
            "idle_timeout_in_minutes": 4,
            "ip_address": "52.232.2.169",
            "ip_tags": {},
            "ip_version": "IPv4",
            "location": "westeurope",
            "name": "frasepViya35vm1_PublicIP",
            "resource_group_name": "frasepViya35multiTier_rg",
            "reverse_fqdn": "",
            "sku": "Basic",
            "tags": {
              "resourceowner": "frasep"
            },
            "timeouts": null,
            "zones": []
          },
          "sensitive_attributes": []
        }
      ]
    },
    {
      "mode": "data",
      "type": "azurerm_public_ip",
      "name": "vm2ip",
      "provider": "provider[\"registry.terraform.io/hashicorp/azurerm\"]",
      "instances": [
        {
          "schema_version": 0,
          "attributes": {
            "allocation_method": "Static",
            "domain_name_label": "",
            "fqdn": "",
            "id": "/subscriptions/1aed5c38-bcda-4e4b-b4a1-d5264c92d138/resourceGroups/frasepViya35multiTier_rg/providers/Microsoft.Network/publicIPAddresses/frasepViya35vm2_PublicIP",
            "idle_timeout_in_minutes": 4,
            "ip_address": "52.232.2.193",
            "ip_tags": {},
            "ip_version": "IPv4",
            "location": "westeurope",
            "name": "frasepViya35vm2_PublicIP",
            "resource_group_name": "frasepViya35multiTier_rg",
            "reverse_fqdn": "",
            "sku": "Basic",
            "tags": {
              "resourceowner": "frasep"
            },
            "timeouts": null,
            "zones": []
          },
          "sensitive_attributes": []
        }
      ]
    },
    {
      "mode": "managed",
      "type": "azurerm_linux_virtual_machine",
      "name": "vm1",
      "provider": "provider[\"registry.terraform.io/hashicorp/azurerm\"]",
      "instances": [
        {
          "schema_version": 0,
          "attributes": {
            "additional_capabilities": [],
            "admin_password": "Orion123",
            "admin_ssh_key": [],
            "admin_username": "azureuser",
            "allow_extension_operations": true,
            "availability_set_id": "",
            "boot_diagnostics": [],
            "computer_name": "frasepViya35vm1.cloud.com",
            "custom_data": null,
            "dedicated_host_id": "",
            "disable_password_authentication": false,
            "encryption_at_host_enabled": false,
            "eviction_policy": "",
            "extensions_time_budget": "PT1H30M",
            "id": "/subscriptions/1aed5c38-bcda-4e4b-b4a1-d5264c92d138/resourceGroups/frasepViya35multiTier_rg/providers/Microsoft.Compute/virtualMachines/frasepViya35vm1.cloud.com",
            "identity": [],
            "license_type": "",
            "location": "westeurope",
            "max_bid_price": -1,
            "name": "frasepViya35vm1.cloud.com",
            "network_interface_ids": [
              "/subscriptions/1aed5c38-bcda-4e4b-b4a1-d5264c92d138/resourceGroups/frasepViya35multiTier_rg/providers/Microsoft.Network/networkInterfaces/frasepViya35vm1_NIC"
            ],
            "os_disk": [
              {
                "caching": "ReadWrite",
                "diff_disk_settings": [],
                "disk_encryption_set_id": "",
                "disk_size_gb": 300,
                "name": "frasepViya35vm1_OsDisk",
                "storage_account_type": "Standard_LRS",
                "write_accelerator_enabled": false
              }
            ],
            "patch_mode": "ImageDefault",
            "plan": [],
            "platform_fault_domain": -1,
            "priority": "Regular",
            "private_ip_address": "10.0.1.4",
            "private_ip_addresses": [
              "10.0.1.4"
            ],
            "provision_vm_agent": true,
            "proximity_placement_group_id": "",
            "public_ip_address": "52.232.2.169",
            "public_ip_addresses": [
              "52.232.2.169"
            ],
            "resource_group_name": "frasepViya35multiTier_rg",
            "secret": [],
            "secure_boot_enabled": false,
            "size": "Standard_D16_v4",
            "source_image_id": "",
            "source_image_reference": [
              {
                "offer": "RHEL",
                "publisher": "RedHat",
                "sku": "7-LVM",
                "version": "latest"
              }
            ],
            "tags": {
              "resourceowner": "frasep"
            },
            "timeouts": null,
            "virtual_machine_id": "2b5cd965-5e3f-44db-ae85-b3986b281fa6",
            "virtual_machine_scale_set_id": "",
            "vtpm_enabled": false,
            "zone": ""
          },
          "sensitive_attributes": [],
          "private": "eyJlMmJmYjczMC1lY2FhLTExZTYtOGY4OC0zNDM2M2JjN2M0YzAiOnsiY3JlYXRlIjoyNzAwMDAwMDAwMDAwLCJkZWxldGUiOjI3MDAwMDAwMDAwMDAsInJlYWQiOjMwMDAwMDAwMDAwMCwidXBkYXRlIjoyNzAwMDAwMDAwMDAwfX0=",
          "dependencies": [
            "azurerm_linux_virtual_machine.vm2",
            "azurerm_network_interface.vm1nic",
            "azurerm_network_interface.vm2nic",
            "azurerm_public_ip.vm1publicip",
            "azurerm_public_ip.vm2publicip",
            "azurerm_resource_group.rg",
            "azurerm_subnet.subnet",
            "azurerm_virtual_network.vnet"
          ]
        }
      ]
    },
    {
      "mode": "managed",
      "type": "azurerm_linux_virtual_machine",
      "name": "vm2",
      "provider": "provider[\"registry.terraform.io/hashicorp/azurerm\"]",
      "instances": [
        {
          "schema_version": 0,
          "attributes": {
            "additional_capabilities": [],
            "admin_password": "Orion123",
            "admin_ssh_key": [],
            "admin_username": "azureuser",
            "allow_extension_operations": true,
            "availability_set_id": "",
            "boot_diagnostics": [],
            "computer_name": "frasepViya35vm2.cloud.com",
            "custom_data": null,
            "dedicated_host_id": "",
            "disable_password_authentication": false,
            "encryption_at_host_enabled": false,
            "eviction_policy": "",
            "extensions_time_budget": "PT1H30M",
            "id": "/subscriptions/1aed5c38-bcda-4e4b-b4a1-d5264c92d138/resourceGroups/frasepViya35multiTier_rg/providers/Microsoft.Compute/virtualMachines/frasepViya35vm2.cloud.com",
            "identity": [],
            "license_type": "",
            "location": "westeurope",
            "max_bid_price": -1,
            "name": "frasepViya35vm2.cloud.com",
            "network_interface_ids": [
              "/subscriptions/1aed5c38-bcda-4e4b-b4a1-d5264c92d138/resourceGroups/frasepViya35multiTier_rg/providers/Microsoft.Network/networkInterfaces/frasepViya35vm2_NIC"
            ],
            "os_disk": [
              {
                "caching": "ReadWrite",
                "diff_disk_settings": [],
                "disk_encryption_set_id": "",
                "disk_size_gb": 300,
                "name": "frasepViya35vm2_OsDisk",
                "storage_account_type": "Standard_LRS",
                "write_accelerator_enabled": false
              }
            ],
            "patch_mode": "ImageDefault",
            "plan": [],
            "platform_fault_domain": -1,
            "priority": "Regular",
            "private_ip_address": "10.0.1.5",
            "private_ip_addresses": [
              "10.0.1.5"
            ],
            "provision_vm_agent": true,
            "proximity_placement_group_id": "",
            "public_ip_address": "52.232.2.193",
            "public_ip_addresses": [
              "52.232.2.193"
            ],
            "resource_group_name": "frasepViya35multiTier_rg",
            "secret": [],
            "secure_boot_enabled": false,
            "size": "Standard_D8_v4",
            "source_image_id": "",
            "source_image_reference": [
              {
                "offer": "RHEL",
                "publisher": "RedHat",
                "sku": "7-LVM",
                "version": "latest"
              }
            ],
            "tags": {
              "resourceowner": "frasep"
            },
            "timeouts": null,
            "virtual_machine_id": "5ec86bf3-1e78-4fef-b72a-3365acd376af",
            "virtual_machine_scale_set_id": "",
            "vtpm_enabled": false,
            "zone": ""
          },
          "sensitive_attributes": [],
          "private": "eyJlMmJmYjczMC1lY2FhLTExZTYtOGY4OC0zNDM2M2JjN2M0YzAiOnsiY3JlYXRlIjoyNzAwMDAwMDAwMDAwLCJkZWxldGUiOjI3MDAwMDAwMDAwMDAsInJlYWQiOjMwMDAwMDAwMDAwMCwidXBkYXRlIjoyNzAwMDAwMDAwMDAwfX0=",
          "dependencies": [
            "azurerm_network_interface.vm2nic",
            "azurerm_public_ip.vm2publicip",
            "azurerm_resource_group.rg",
            "azurerm_subnet.subnet",
            "azurerm_virtual_network.vnet"
          ]
        }
      ]
    },
    {
      "mode": "managed",
      "type": "azurerm_network_interface",
      "name": "vm1nic",
      "provider": "provider[\"registry.terraform.io/hashicorp/azurerm\"]",
      "instances": [
        {
          "schema_version": 0,
          "attributes": {
            "applied_dns_servers": [],
            "dns_servers": [],
            "enable_accelerated_networking": false,
            "enable_ip_forwarding": false,
            "id": "/subscriptions/1aed5c38-bcda-4e4b-b4a1-d5264c92d138/resourceGroups/frasepViya35multiTier_rg/providers/Microsoft.Network/networkInterfaces/frasepViya35vm1_NIC",
            "internal_dns_name_label": "",
            "internal_domain_name_suffix": "3a2qsy1wwr3urnbnxq05zplt5a.ax.internal.cloudapp.net",
            "ip_configuration": [
              {
                "gateway_load_balancer_frontend_ip_configuration_id": "",
                "name": "vm1NICConfg",
                "primary": true,
                "private_ip_address": "10.0.1.4",
                "private_ip_address_allocation": "Dynamic",
                "private_ip_address_version": "IPv4",
                "public_ip_address_id": "/subscriptions/1aed5c38-bcda-4e4b-b4a1-d5264c92d138/resourceGroups/frasepViya35multiTier_rg/providers/Microsoft.Network/publicIPAddresses/frasepViya35vm1_PublicIP",
                "subnet_id": "/subscriptions/1aed5c38-bcda-4e4b-b4a1-d5264c92d138/resourceGroups/frasepViya35multiTier_rg/providers/Microsoft.Network/virtualNetworks/frasepViya35multiTier_vnet/subnets/frasepViya35multiTier_Subnet"
              }
            ],
            "location": "westeurope",
            "mac_address": "",
            "name": "frasepViya35vm1_NIC",
            "private_ip_address": "10.0.1.4",
            "private_ip_addresses": [
              "10.0.1.4"
            ],
            "resource_group_name": "frasepViya35multiTier_rg",
            "tags": {
              "resourceowner": "frasep"
            },
            "timeouts": null,
            "virtual_machine_id": ""
          },
          "sensitive_attributes": [],
          "private": "eyJlMmJmYjczMC1lY2FhLTExZTYtOGY4OC0zNDM2M2JjN2M0YzAiOnsiY3JlYXRlIjoxODAwMDAwMDAwMDAwLCJkZWxldGUiOjE4MDAwMDAwMDAwMDAsInJlYWQiOjMwMDAwMDAwMDAwMCwidXBkYXRlIjoxODAwMDAwMDAwMDAwfX0=",
          "dependencies": [
            "azurerm_public_ip.vm1publicip",
            "azurerm_resource_group.rg",
            "azurerm_subnet.subnet",
            "azurerm_virtual_network.vnet"
          ]
        }
      ]
    },
    {
      "mode": "managed",
      "type": "azurerm_network_interface",
      "name": "vm2nic",
      "provider": "provider[\"registry.terraform.io/hashicorp/azurerm\"]",
      "instances": [
        {
          "schema_version": 0,
          "attributes": {
            "applied_dns_servers": [],
            "dns_servers": [],
            "enable_accelerated_networking": false,
            "enable_ip_forwarding": false,
            "id": "/subscriptions/1aed5c38-bcda-4e4b-b4a1-d5264c92d138/resourceGroups/frasepViya35multiTier_rg/providers/Microsoft.Network/networkInterfaces/frasepViya35vm2_NIC",
            "internal_dns_name_label": "",
            "internal_domain_name_suffix": "3a2qsy1wwr3urnbnxq05zplt5a.ax.internal.cloudapp.net",
            "ip_configuration": [
              {
                "gateway_load_balancer_frontend_ip_configuration_id": "",
                "name": "vm2NICConfg",
                "primary": true,
                "private_ip_address": "10.0.1.5",
                "private_ip_address_allocation": "Dynamic",
                "private_ip_address_version": "IPv4",
                "public_ip_address_id": "/subscriptions/1aed5c38-bcda-4e4b-b4a1-d5264c92d138/resourceGroups/frasepViya35multiTier_rg/providers/Microsoft.Network/publicIPAddresses/frasepViya35vm2_PublicIP",
                "subnet_id": "/subscriptions/1aed5c38-bcda-4e4b-b4a1-d5264c92d138/resourceGroups/frasepViya35multiTier_rg/providers/Microsoft.Network/virtualNetworks/frasepViya35multiTier_vnet/subnets/frasepViya35multiTier_Subnet"
              }
            ],
            "location": "westeurope",
            "mac_address": "",
            "name": "frasepViya35vm2_NIC",
            "private_ip_address": "10.0.1.5",
            "private_ip_addresses": [
              "10.0.1.5"
            ],
            "resource_group_name": "frasepViya35multiTier_rg",
            "tags": {
              "resourceowner": "frasep"
            },
            "timeouts": null,
            "virtual_machine_id": ""
          },
          "sensitive_attributes": [],
          "private": "eyJlMmJmYjczMC1lY2FhLTExZTYtOGY4OC0zNDM2M2JjN2M0YzAiOnsiY3JlYXRlIjoxODAwMDAwMDAwMDAwLCJkZWxldGUiOjE4MDAwMDAwMDAwMDAsInJlYWQiOjMwMDAwMDAwMDAwMCwidXBkYXRlIjoxODAwMDAwMDAwMDAwfX0=",
          "dependencies": [
            "azurerm_public_ip.vm2publicip",
            "azurerm_resource_group.rg",
            "azurerm_subnet.subnet",
            "azurerm_virtual_network.vnet"
          ]
        }
      ]
    },
    {
      "mode": "managed",
      "type": "azurerm_network_security_group",
      "name": "nsg",
      "provider": "provider[\"registry.terraform.io/hashicorp/azurerm\"]",
      "instances": [
        {
          "schema_version": 0,
          "attributes": {
            "id": "/subscriptions/1aed5c38-bcda-4e4b-b4a1-d5264c92d138/resourceGroups/frasepViya35multiTier_rg/providers/Microsoft.Network/networkSecurityGroups/frasepViya35multiTier_NSG",
            "location": "westeurope",
            "name": "frasepViya35multiTier_NSG",
            "resource_group_name": "frasepViya35multiTier_rg",
            "security_rule": [
              {
                "access": "Allow",
                "description": "",
                "destination_address_prefix": "*",
                "destination_address_prefixes": [],
                "destination_application_security_group_ids": [],
                "destination_port_range": "",
                "destination_port_ranges": [
                  "22",
                  "443",
                  "5570",
                  "636",
                  "80"
                ],
                "direction": "Inbound",
                "name": "ssh",
                "priority": 1001,
                "protocol": "Tcp",
                "source_address_prefix": "",
                "source_address_prefixes": [
                  "10.0.0.0/16",
                  "149.173.0.0/16",
                  "86.238.106.195",
                  "90.127.106.134/32"
                ],
                "source_application_security_group_ids": [],
                "source_port_range": "*",
                "source_port_ranges": []
              }
            ],
            "tags": {
              "resourceowner": "frasep"
            },
            "timeouts": null
          },
          "sensitive_attributes": [],
          "private": "eyJlMmJmYjczMC1lY2FhLTExZTYtOGY4OC0zNDM2M2JjN2M0YzAiOnsiY3JlYXRlIjoxODAwMDAwMDAwMDAwLCJkZWxldGUiOjE4MDAwMDAwMDAwMDAsInJlYWQiOjMwMDAwMDAwMDAwMCwidXBkYXRlIjoxODAwMDAwMDAwMDAwfX0=",
          "dependencies": [
            "azurerm_resource_group.rg"
          ]
        }
      ]
    },
    {
      "mode": "managed",
      "type": "azurerm_public_ip",
      "name": "vm1publicip",
      "provider": "provider[\"registry.terraform.io/hashicorp/azurerm\"]",
      "instances": [
        {
          "schema_version": 0,
          "attributes": {
            "allocation_method": "Static",
            "availability_zone": "No-Zone",
            "domain_name_label": null,
            "fqdn": null,
            "id": "/subscriptions/1aed5c38-bcda-4e4b-b4a1-d5264c92d138/resourceGroups/frasepViya35multiTier_rg/providers/Microsoft.Network/publicIPAddresses/frasepViya35vm1_PublicIP",
            "idle_timeout_in_minutes": 4,
            "ip_address": "52.232.2.169",
            "ip_tags": null,
            "ip_version": "IPv4",
            "location": "westeurope",
            "name": "frasepViya35vm1_PublicIP",
            "public_ip_prefix_id": null,
            "resource_group_name": "frasepViya35multiTier_rg",
            "reverse_fqdn": null,
            "sku": "Basic",
            "sku_tier": "Regional",
            "tags": {
              "resourceowner": "frasep"
            },
            "timeouts": null,
            "zones": []
          },
          "sensitive_attributes": [],
          "private": "eyJlMmJmYjczMC1lY2FhLTExZTYtOGY4OC0zNDM2M2JjN2M0YzAiOnsiY3JlYXRlIjoxODAwMDAwMDAwMDAwLCJkZWxldGUiOjE4MDAwMDAwMDAwMDAsInJlYWQiOjMwMDAwMDAwMDAwMCwidXBkYXRlIjoxODAwMDAwMDAwMDAwfX0=",
          "dependencies": [
            "azurerm_resource_group.rg"
          ]
        }
      ]
    },
    {
      "mode": "managed",
      "type": "azurerm_public_ip",
      "name": "vm2publicip",
      "provider": "provider[\"registry.terraform.io/hashicorp/azurerm\"]",
      "instances": [
        {
          "schema_version": 0,
          "attributes": {
            "allocation_method": "Static",
            "availability_zone": "No-Zone",
            "domain_name_label": null,
            "fqdn": null,
            "id": "/subscriptions/1aed5c38-bcda-4e4b-b4a1-d5264c92d138/resourceGroups/frasepViya35multiTier_rg/providers/Microsoft.Network/publicIPAddresses/frasepViya35vm2_PublicIP",
            "idle_timeout_in_minutes": 4,
            "ip_address": "52.232.2.193",
            "ip_tags": null,
            "ip_version": "IPv4",
            "location": "westeurope",
            "name": "frasepViya35vm2_PublicIP",
            "public_ip_prefix_id": null,
            "resource_group_name": "frasepViya35multiTier_rg",
            "reverse_fqdn": null,
            "sku": "Basic",
            "sku_tier": "Regional",
            "tags": {
              "resourceowner": "frasep"
            },
            "timeouts": null,
            "zones": []
          },
          "sensitive_attributes": [],
          "private": "eyJlMmJmYjczMC1lY2FhLTExZTYtOGY4OC0zNDM2M2JjN2M0YzAiOnsiY3JlYXRlIjoxODAwMDAwMDAwMDAwLCJkZWxldGUiOjE4MDAwMDAwMDAwMDAsInJlYWQiOjMwMDAwMDAwMDAwMCwidXBkYXRlIjoxODAwMDAwMDAwMDAwfX0=",
          "dependencies": [
            "azurerm_resource_group.rg"
          ]
        }
      ]
    },
    {
      "mode": "managed",
      "type": "azurerm_resource_group",
      "name": "rg",
      "provider": "provider[\"registry.terraform.io/hashicorp/azurerm\"]",
      "instances": [
        {
          "schema_version": 0,
          "attributes": {
            "id": "/subscriptions/1aed5c38-bcda-4e4b-b4a1-d5264c92d138/resourceGroups/frasepViya35multiTier_rg",
            "location": "westeurope",
            "name": "frasepViya35multiTier_rg",
            "tags": {
              "Environment": "Multi tier SAS Viya 3.5 environment",
              "resourceowner": "frasep"
            },
            "timeouts": null
          },
          "sensitive_attributes": [],
          "private": "eyJlMmJmYjczMC1lY2FhLTExZTYtOGY4OC0zNDM2M2JjN2M0YzAiOnsiY3JlYXRlIjo1NDAwMDAwMDAwMDAwLCJkZWxldGUiOjU0MDAwMDAwMDAwMDAsInJlYWQiOjMwMDAwMDAwMDAwMCwidXBkYXRlIjo1NDAwMDAwMDAwMDAwfX0="
        }
      ]
    },
    {
      "mode": "managed",
      "type": "azurerm_subnet",
      "name": "subnet",
      "provider": "provider[\"registry.terraform.io/hashicorp/azurerm\"]",
      "instances": [
        {
          "schema_version": 0,
          "attributes": {
            "address_prefix": "10.0.1.0/24",
            "address_prefixes": [
              "10.0.1.0/24"
            ],
            "delegation": [],
            "enforce_private_link_endpoint_network_policies": false,
            "enforce_private_link_service_network_policies": false,
            "id": "/subscriptions/1aed5c38-bcda-4e4b-b4a1-d5264c92d138/resourceGroups/frasepViya35multiTier_rg/providers/Microsoft.Network/virtualNetworks/frasepViya35multiTier_vnet/subnets/frasepViya35multiTier_Subnet",
            "name": "frasepViya35multiTier_Subnet",
            "resource_group_name": "frasepViya35multiTier_rg",
            "service_endpoint_policy_ids": null,
            "service_endpoints": null,
            "timeouts": null,
            "virtual_network_name": "frasepViya35multiTier_vnet"
          },
          "sensitive_attributes": [],
          "private": "eyJlMmJmYjczMC1lY2FhLTExZTYtOGY4OC0zNDM2M2JjN2M0YzAiOnsiY3JlYXRlIjoxODAwMDAwMDAwMDAwLCJkZWxldGUiOjE4MDAwMDAwMDAwMDAsInJlYWQiOjMwMDAwMDAwMDAwMCwidXBkYXRlIjoxODAwMDAwMDAwMDAwfX0=",
          "dependencies": [
            "azurerm_resource_group.rg",
            "azurerm_virtual_network.vnet"
          ]
        }
      ]
    },
    {
      "mode": "managed",
      "type": "azurerm_virtual_network",
      "name": "vnet",
      "provider": "provider[\"registry.terraform.io/hashicorp/azurerm\"]",
      "instances": [
        {
          "schema_version": 0,
          "attributes": {
            "address_space": [
              "10.0.0.0/16"
            ],
            "bgp_community": "",
            "ddos_protection_plan": [],
            "dns_servers": [],
            "flow_timeout_in_minutes": 0,
            "guid": "630939e8-b476-487b-b42d-bc35fcbd73f8",
            "id": "/subscriptions/1aed5c38-bcda-4e4b-b4a1-d5264c92d138/resourceGroups/frasepViya35multiTier_rg/providers/Microsoft.Network/virtualNetworks/frasepViya35multiTier_vnet",
            "location": "westeurope",
            "name": "frasepViya35multiTier_vnet",
            "resource_group_name": "frasepViya35multiTier_rg",
            "subnet": [],
            "tags": {
              "resourceowner": "frasep"
            },
            "timeouts": null,
            "vm_protection_enabled": false
          },
          "sensitive_attributes": [],
          "private": "eyJlMmJmYjczMC1lY2FhLTExZTYtOGY4OC0zNDM2M2JjN2M0YzAiOnsiY3JlYXRlIjoxODAwMDAwMDAwMDAwLCJkZWxldGUiOjE4MDAwMDAwMDAwMDAsInJlYWQiOjMwMDAwMDAwMDAwMCwidXBkYXRlIjoxODAwMDAwMDAwMDAwfX0=",
          "dependencies": [
            "azurerm_resource_group.rg"
          ]
        }
      ]
    }
  ]
}
